
Microsoft Visual Studio Solution File, Format Version 12.00
# Visual Studio 14
VisualStudioVersion = 14.0.25420.1
MinimumVisualStudioVersion = 10.0.40219.1
Project("{151D2E53-A2C4-4D7D-83FE-D05416EBD58E}") = "dioctopusFollower", "dioctopusFollower\dioctopusFollower.deployproj", "{7BEFC3FF-5E33-40D4-B628-E86FC1654443}"
EndProject
Global
	GlobalSection(SolutionConfigurationPlatforms) = preSolution
		Debug|Any CPU = Debug|Any CPU
		Release|Any CPU = Release|Any CPU
	EndGlobalSection
	GlobalSection(ProjectConfigurationPlatforms) = postSolution
		{7BEFC3FF-5E33-40D4-B628-E86FC1654443}.Debug|Any CPU.ActiveCfg = Debug|Any CPU
		{7BEFC3FF-5E33-40D4-B628-E86FC1654443}.Debug|Any CPU.Build.0 = Debug|Any CPU
		{7BEFC3FF-5E33-40D4-B628-E86FC1654443}.Release|Any CPU.ActiveCfg = Release|Any CPU
		{7BEFC3FF-5E33-40D4-B628-E86FC1654443}.Release|Any CPU.Build.0 = Release|Any CPU
	EndGlobalSection
	GlobalSection(SolutionProperties) = preSolution
		HideSolutionNode = FALSE
	EndGlobalSection
EndGlobal
